{
  "name": "big",
  "version": "1.0.0",
  "lockfileVersion": 1,
  "requires": true,
  "dependencies": {
    "nzh": {
      "version": "1.0.3",
      "resolved": "https://registry.npmjs.org/nzh/-/nzh-1.0.3.tgz",
      "integrity": "sha512-HHbhL7ywTuSjb4ybZR3qUM8GfTfvuSHfW8C2OMoA1X6WZLpOOcXzRB217t8TKMzzrXMXqESieCTLPxD2FT/h/w=="
    }
  }
}
